github.com/caarlos0/env/v6 v6.10.1 h1:t1mPSxNpei6M5yAeu1qtRdPAK29Nbcf/n3G7x+b3/II=
github.com/caarlos0/env/v6 v6.10.1/go.mod h1:hvp/ryKXKipEkcuYjs9mI4bBCg+UI0Yhgm5Zu0ddvwc=
github.com/go-chi/chi/v5 v5.0.8 h1:lD+NLqFcAi1ovnVZpsnObHGW4xb4J8lNmoYVfECH1Y0=
github.com/go-chi/chi/v5 v5.0.8/go.mod h1:DslCQbL2OYiznFReuXYUmQ2hGd1aDpCnlMNITLSKoi8=
github.com/google/uuid v1.3.0 h1:t6JiXgmwXMjEs8VusXIJk2BXHsn+wx8BZdTaoZ5fu7I=
github.com/google/uuid v1.3.0/go.mod h1:TIyPZe4MgqvfeYDBFedMoGGpEw/LqOeaOT+nhxU+yHo=
github.com/lib/pq v1.8.0 h1:9xohqzkUwzR4Ga4ivdTcawVS89YSDVxXMa3xJX3cGzg=
github.com/lib/pq v1.8.0/go.mod h1:AlVN5x4E4T544tWzH6hKfbfQvm3HdbOxrmggDNAPY9o=
github.com/omeid/pgerror v0.0.0-20201018020948-42c66c4d27d4 h1:YP/r0rUeYQ0+FCAaeBqfDzSu7oBxHme5NJ8huPzU05E=
github.com/omeid/pgerror v0.0.0-20201018020948-42c66c4d27d4/go.mod h1:FfCpBvR6quigRzQl/97DJY0V0vDaPemjPRF/IQx5SuU=
github.com/theplant/luhn v0.0.0-20170224032821-81a1a381387a h1:8Yp+jFiOdzOTk/YQcKEA/ccK0NQD3LT965HrQgNqd3o=
github.com/theplant/luhn v0.0.0-20170224032821-81a1a381387a/go.mod h1:ZaMGXj0IgDRrzbd+S4SJEqxUQSOhbsyCbM6hXiIhnXM=
golang.org/x/time v0.3.0 h1:rg5rLMjNzMS1RkNLzCG38eapWhnYLFYXDXj2gOlr8j4=
golang.org/x/time v0.3.0/go.mod h1:tRJNPiyCQ0inRvYxbN9jk5I+vvW/OXSQhTDSoE431IQ=
